// !$*UTF8*$!
{
	archiveVersion = 1;
	classes = {
	};
	objectVersion = 50;
	objects = {

/* Begin PBXBuildFile section */
		CBB97C95226413DF009AD370 /* AppDelegate.swift in Sources */ = {isa = PBXBuildFile; fileRef = CBB97C94226413DF009AD370 /* AppDelegate.swift */; };
		CBB97C97226413DF009AD370 /* ViewController.swift in Sources */ = {isa = PBXBuildFile; fileRef = CBB97C96226413DF009AD370 /* ViewController.swift */; };
		CBB97C9A226413DF009AD370 /* Main.storyboard in Resources */ = {isa = PBXBuildFile; fileRef = CBB97C98226413DF009AD370 /* Main.storyboard */; };
		CBB97C9C226413E0009AD370 /* Assets.xcassets in Resources */ = {isa = PBXBuildFile; fileRef = CBB97C9B226413E0009AD370 /* Assets.xcassets */; };
		CBB97C9F226413E0009AD370 /* LaunchScreen.storyboard in Resources */ = {isa = PBXBuildFile; fileRef = CBB97C9D226413E0009AD370 /* LaunchScreen.storyboard */; };
		CBB97CAA226413E0009AD370 /* class02Tests.swift in Sources */ = {isa = PBXBuildFile; fileRef = CBB97CA9226413E0009AD370 /* class02Tests.swift */; };
		CBB97CB5226413E0009AD370 /* class02UITests.swift in Sources */ = {isa = PBXBuildFile; fileRef = CBB97CB4226413E0009AD370 /* class02UITests.swift */; };
/* End PBXBuildFile section */

/* Begin PBXContainerItemProxy section */
		CBB97CA6226413E0009AD370 /* PBXContainerItemProxy */ = {
			isa = PBXContainerItemProxy;
			containerPortal = CBB97C89226413DF009AD370 /* Project object */;
			proxyType = 1;
			remoteGlobalIDString = CBB97C90226413DF009AD370;
			remoteInfo = class02;
		};
		CBB97CB1226413E0009AD370 /* PBXContainerItemProxy */ = {
			isa = PBXContainerItemProxy;
			containerPortal = CBB97C89226413DF009AD370 /* Project object */;
			proxyType = 1;
			remoteGlobalIDString = CBB97C90226413DF009AD370;
			remoteInfo = class02;
		};
/* End PBXContainerItemProxy section */

/* Begin PBXFileReference section */
		CBB97C91226413DF009AD370 /* class02.app */ = {isa = PBXFileReference; explicitFileType = wrapper.application; includeInIndex = 0; path = class02.app; sourceTree = BUILT_PRODUCTS_DIR; };
		CBB97C94226413DF009AD370 /* AppDelegate.swift */ = {isa = PBXFileReference; lastKnownFileType = sourcecode.swift; path = AppDelegate.swift; sourceTree = "<group>"; };
		CBB97C96226413DF009AD370 /* ViewController.swift */ = {isa = PBXFileReference; lastKnownFileType = sourcecode.swift; path = ViewController.swift; sourceTree = "<group>"; };
		CBB97C99226413DF009AD370 /* Base */ = {isa = PBXFileReference; lastKnownFileType = file.storyboard; name = Base; path = Base.lproj/Main.storyboard; sourceTree = "<group>"; };
		CBB97C9B226413E0009AD370 /* Assets.xcassets */ = {isa = PBXFileReference; lastKnownFileType = folder.assetcatalog; path = Assets.xcassets; sourceTree = "<group>"; };
		CBB97C9E226413E0009AD370 /* Base */ = {isa = PBXFileReference; lastKnownFileType = file.storyboard; name = Base; path = Base.lproj/LaunchScreen.storyboard; sourceTree = "<group>"; };
		CBB97CA0226413E0009AD370 /* Info.plist */ = {isa = PBXFileReference; lastKnownFileType = text.plist.xml; path = Info.plist; sourceTree = "<group>"; };
		CBB97CA5226413E0009AD370 /* class02Tests.xctest */ = {isa = PBXFileReference; explicitFileType = wrapper.cfbundle; includeInIndex = 0; path = class02Tests.xctest; sourceTree = BUILT_PRODUCTS_DIR; };
		CBB97CA9226413E0009AD370 /* class02Tests.swift */ = {isa = PBXFileReference; lastKnownFileType = sourcecode.swift; path = class02Tests.swift; sourceTree = "<group>"; };
		CBB97CAB226413E0009AD370 /* Info.plist */ = {isa = PBXFileReference; lastKnownFileType = text.plist.xml; path = Info.plist; sourceTree = "<group>"; };
		CBB97CB0226413E0009AD370 /* class02UITests.xctest */ = {isa = PBXFileReference; explicitFileType = wrapper.cfbundle; includeInIndex = 0; path = class02UITests.xctest; sourceTree = BUILT_PRODUCTS_DIR; };
		CBB97CB4226413E0009AD370 /* class02UITests.swift */ = {isa = PBXFileReference; lastKnownFileType = sourcecode.swift; path = class02UITests.swift; sourceTree = "<group>"; };
		CBB97CB6226413E0009AD370 /* Info.plist */ = {isa = PBXFileReference; lastKnownFileType = text.plist.xml; path = Info.plist; sourceTree = "<group>"; };
/* End PBXFileReference section */

/* Begin PBXFrameworksBuildPhase section */
		CBB97C8E226413DF009AD370 /* Frameworks */ = {
			isa = PBXFrameworksBuildPhase;
			buildActionMask = 2147483647;
			files = (
			);
			runOnlyForDeploymentPostprocessing = 0;
		};
		CBB97CA2226413E0009AD370 /* Frameworks */ = {
			isa = PBXFrameworksBuildPhase;
			buildActionMask = 2147483647;
			files = (
			);
			runOnlyForDeploymentPostprocessing = 0;
		};
		CBB97CAD226413E0009AD370 /* Frameworks */ = {
			isa = PBXFrameworksBuildPhase;
			buildActionMask = 2147483647;
			files = (
			);
			runOnlyForDeploymentPostprocessing = 0;
		};
/* End PBXFrameworksBuildPhase section */

/* Begin PBXGroup section */
		CBB97C88226413DF009AD370 = {
			isa = PBXGroup;
			children = (
				CBB97C93226413DF009AD370 /* class02 */,
				CBB97CA8226413E0009AD370 /* class02Tests */,
				CBB97CB3226413E0009AD370 /* class02UITests */,
				CBB97C92226413DF009AD370 /* Products */,
			);
			sourceTree = "<group>";
		};
		CBB97C92226413DF009AD370 /* Products */ = {
			isa = PBXGroup;
			children = (
				CBB97C91226413DF009AD370 /* class02.app */,
				CBB97CA5226413E0009AD370 /* class02Tests.xctest */,
				CBB97CB0226413E0009AD370 /* class02UITests.xctest */,
			);
			name = Products;
			sourceTree = "<group>";
		};
		CBB97C93226413DF009AD370 /* class02 */ = {
			isa = PBXGroup;
			children = (
				CBB97C94226413DF009AD370 /* AppDelegate.swift */,
				CBB97C96226413DF009AD370 /* ViewController.swift */,
				CBB97C98226413DF009AD370 /* Main.storyboard */,
				CBB97C9B226413E0009AD370 /* Assets.xcassets */,
				CBB97C9D226413E0009AD370 /* LaunchScreen.storyboard */,
				CBB97CA0226413E0009AD370 /* Info.plist */,
			);
			path = class02;
			sourceTree = "<group>";
		};
		CBB97CA8226413E0009AD370 /* class02Tests */ = {
			isa = PBXGroup;
			children = (
				CBB97CA9226413E0009AD370 /* class02Tests.swift */,
				CBB97CAB226413E0009AD370 /* Info.plist */,
			);
			path = class02Tests;
			sourceTree = "<group>";
		};
		CBB97CB3226413E0009AD370 /* class02UITests */ = {
			isa = PBXGroup;
			children = (
				CBB97CB4226413E0009AD370 /* class02UITests.swift */,
				CBB97CB6226413E0009AD370 /* Info.plist */,
			);
			path = class02UITests;
			sourceTree = "<group>";
		};
/* End PBXGroup section */

/* Begin PBXNativeTarget section */
		CBB97C90226413DF009AD370 /* class02 */ = {
			isa = PBXNativeTarget;
			buildConfigurationList = CBB97CB9226413E0009AD370 /* Build configuration list for PBXNativeTarget "class02" */;
			buildPhases = (
				CBB97C8D226413DF009AD370 /* Sources */,
				CBB97C8E226413DF009AD370 /* Frameworks */,
				CBB97C8F226413DF009AD370 /* Resources */,
			);
			buildRules = (
			);
			dependencies = (
			);
			name = class02;
			productName = class02;
			productReference = CBB97C91226413DF009AD370 /* class02.app */;
			productType = "com.apple.product-type.application";
		};
		CBB97CA4226413E0009AD370 /* class02Tests */ = {
			isa = PBXNativeTarget;
			buildConfigurationList = CBB97CBC226413E0009AD370 /* Build configuration list for PBXNativeTarget "class02Tests" */;
			buildPhases = (
				CBB97CA1226413E0009AD370 /* Sources */,
				CBB97CA2226413E0009AD370 /* Frameworks */,
				CBB97CA3226413E0009AD370 /* Resources */,
			);
			buildRules = (
			);
			dependencies = (
				CBB97CA7226413E0009AD370 /* PBXTargetDependency */,
			);
			name = class02Tests;
			productName = class02Tests;
			productReference = CBB97CA5226413E0009AD370 /* class02Tests.xctest */;
			productType = "com.apple.product-type.bundle.unit-test";
		};
		CBB97CAF226413E0009AD370 /* class02UITests */ = {
			isa = PBXNativeTarget;
			buildConfigurationList = CBB97CBF226413E0009AD370 /* Build configuration list for PBXNativeTarget "class02UITests" */;
			buildPhases = (
				CBB97CAC226413E0009AD370 /* Sources */,
				CBB97CAD226413E0009AD370 /* Frameworks */,
				CBB97CAE226413E0009AD370 /* Resources */,
			);
			buildRules = (
			);
			dependencies = (
				CBB97CB2226413E0009AD370 /* PBXTargetDependency */,
			);
			name = class02UITests;
			productName = class02UITests;
			productReference = CBB97CB0226413E0009AD370 /* class02UITests.xctest */;
			productType = "com.apple.product-type.bundle.ui-testing";
		};
/* End PBXNativeTarget section */

/* Begin PBXProject section */
		CBB97C89226413DF009AD370 /* Project object */ = {
			isa = PBXProject;
			attributes = {
				LastSwiftUpdateCheck = 1020;
				LastUpgradeCheck = 1020;
				ORGANIZATIONNAME = "HUI FENTU";
				TargetAttributes = {
					CBB97C90226413DF009AD370 = {
						CreatedOnToolsVersion = 10.2;
					};
					CBB97CA4226413E0009AD370 = {
						CreatedOnToolsVersion = 10.2;
						TestTargetID = CBB97C90226413DF009AD370;
					};
					CBB97CAF226413E0009AD370 = {
						CreatedOnToolsVersion = 10.2;
						TestTargetID = CBB97C90226413DF009AD370;
					};
				};
			};
			buildConfigurationList = CBB97C8C226413DF009AD370 /* Build configuration list for PBXProject "class02" */;
			compatibilityVersion = "Xcode 9.3";
			developmentRegion = en;
			hasScannedForEncodings = 0;
			knownRegions = (
				en,
				Base,
			);
			mainGroup = CBB97C88226413DF009AD370;
			productRefGroup = CBB97C92226413DF009AD370 /* Products */;
			projectDirPath = "";
			projectRoot = "";
			targets = (
				CBB97C90226413DF009AD370 /* class02 */,
				CBB97CA4226413E0009AD370 /* class02Tests */,
				CBB97CAF226413E0009AD370 /* class02UITests */,
			);
		};
/* End PBXProject section */

/* Begin PBXResourcesBuildPhase section */
		CBB97C8F226413DF009AD370 /* Resources */ = {
			isa = PBXResourcesBuildPhase;
			buildActionMask = 2147483647;
			files = (
				CBB97C9F226413E0009AD370 /* LaunchScreen.storyboard in Resources */,
				CBB97C9C226413E0009AD370 /* Assets.xcassets in Resources */,
				CBB97C9A226413DF009AD370 /* Main.storyboard in Resources */,
			);
			runOnlyForDeploymentPostprocessing = 0;
		};
		CBB97CA3226413E0009AD370 /* Resources */ = {
			isa = PBXResourcesBuildPhase;
			buildActionMask = 2147483647;
			files = (
			);
			runOnlyForDeploymentPostprocessing = 0;
		};
		CBB97CAE226413E0009AD370 /* Resources */ = {
			isa = PBXResourcesBuildPhase;
			buildActionMask = 2147483647;
			files = (
			);
			runOnlyForDeploymentPostprocessing = 0;
		};
/* End PBXResourcesBuildPhase section */

/* Begin PBXSourcesBuildPhase section */
		CBB97C8D226413DF009AD370 /* Sources */ = {
			isa = PBXSourcesBuildPhase;
			buildActionMask = 2147483647;
			files = (
				CBB97C97226413DF009AD370 /* ViewController.swift in Sources */,
				CBB97C95226413DF009AD370 /* AppDelegate.swift in Sources */,
			);
			runOnlyForDeploymentPostprocessing = 0;
		};
		CBB97CA1226413E0009AD370 /* Sources */ = {
			isa = PBXSourcesBuildPhase;
			buildActionMask = 2147483647;
			files = (
				CBB97CAA226413E0009AD370 /* class02Tests.swift in Sources */,
			);
			runOnlyForDeploymentPostprocessing = 0;
		};
		CBB97CAC226413E0009AD370 /* Sources */ = {
			isa = PBXSourcesBuildPhase;
			buildActionMask = 2147483647;
			files = (
				CBB97CB5226413E0009AD370 /* class02UITests.swift in Sources */,
			);
			runOnlyForDeploymentPostprocessing = 0;
		};
/* End PBXSourcesBuildPhase section */

/* Begin PBXTargetDependency section */
		CBB97CA7226413E0009AD370 /* PBXTargetDependency */ = {
			isa = PBXTargetDependency;
			target = CBB97C90226413DF009AD370 /* class02 */;
			targetProxy = CBB97CA6226413E0009AD370 /* PBXContainerItemProxy */;
		};
		CBB97CB2226413E0009AD370 /* PBXTargetDependency */ = {
			isa = PBXTargetDependency;
			target = CBB97C90226413DF009AD370 /* class02 */;
			targetProxy = CBB97CB1226413E0009AD370 /* PBXContainerItemProxy */;
		};
/* End PBXTargetDependency section */

/* Begin PBXVariantGroup section */
		CBB97C98226413DF009AD370 /* Main.storyboard */ = {
			isa = PBXVariantGroup;
			children = (
				CBB97C99226413DF009AD370 /* Base */,
			);
			name = Main.storyboard;
			sourceTree = "<group>";
		};
		CBB97C9D226413E0009AD370 /* LaunchScreen.storyboard */ = {
			isa = PBXVariantGroup;
			children = (
				CBB97C9E226413E0009AD370 /* Base */,
			);
			name = LaunchScreen.storyboard;
			sourceTree = "<group>";
		};
/* End PBXVariantGroup section */

/* Begin XCBuildConfiguration section */
		CBB97CB7226413E0009AD370 /* Debug */ = {
			isa = XCBuildConfiguration;
			buildSettings = {
				ALWAYS_SEARCH_USER_PATHS = NO;
				CLANG_ANALYZER_NONNULL = YES;
				CLANG_ANALYZER_NUMBER_OBJECT_CONVERSION = YES_AGGRESSIVE;
				CLANG_CXX_LANGUAGE_STANDARD = "gnu++14";
				CLANG_CXX_LIBRARY = "libc++";
				CLANG_ENABLE_MODULES = YES;
				CLANG_ENABLE_OBJC_ARC = YES;
				CLANG_ENABLE_OBJC_WEAK = YES;
				CLANG_WARN_BLOCK_CAPTURE_AUTORELEASING = YES;
				CLANG_WARN_BOOL_CONVERSION = YES;
				CLANG_WARN_COMMA = YES;
				CLANG_WARN_CONSTANT_CONVERSION = YES;
				CLANG_WARN_DEPRECATED_OBJC_IMPLEMENTATIONS = YES;
				CLANG_WARN_DIRECT_OBJC_ISA_USAGE = YES_ERROR;
				CLANG_WARN_DOCUMENTATION_COMMENTS = YES;
				CLANG_WARN_EMPTY_BODY = YES;
				CLANG_WARN_ENUM_CONVERSION = YES;
				CLANG_WARN_INFINITE_RECURSION = YES;
				CLANG_WARN_INT_CONVERSION = YES;
				CLANG_WARN_NON_LITERAL_NULL_CONVERSION = YES;
				CLANG_WARN_OBJC_IMPLICIT_RETAIN_SELF = YES;
				CLANG_WARN_OBJC_LITERAL_CONVERSION = YES;
				CLANG_WARN_OBJC_ROOT_CLASS = YES_ERROR;
				CLANG_WARN_RANGE_LOOP_ANALYSIS = YES;
				CLANG_WARN_STRICT_PROTOTYPES = YES;
				CLANG_WARN_SUSPICIOUS_MOVE = YES;
				CLANG_WARN_UNGUARDED_AVAILABILITY = YES_AGGRESSIVE;
				CLANG_WARN_UNREACHABLE_CODE = YES;
				CLANG_WARN__DUPLICATE_METHOD_MATCH = YES;
				CODE_SIGN_IDENTITY = "iPhone Developer";
				COPY_PHASE_STRIP = NO;
				DEBUG_INFORMATION_FORMAT = dwarf;
				ENABLE_STRICT_OBJC_MSGSEND = YES;
				ENABLE_TESTABILITY = YES;
				GCC_C_LANGUAGE_STANDARD = gnu11;
				GCC_DYNAMIC_NO_PIC = NO;
				GCC_NO_COMMON_BLOCKS = YES;
				GCC_OPTIMIZATION_LEVEL = 0;
				GCC_PREPROCESSOR_DEFINITIONS = (
					"DEBUG=1",
					"$(inherited)",
				);
				GCC_WARN_64_TO_32_BIT_CONVERSION = YES;
				GCC_WARN_ABOUT_RETURN_TYPE = YES_ERROR;
				GCC_WARN_UNDECLARED_SELECTOR = YES;
				GCC_WARN_UNINITIALIZED_AUTOS = YES_AGGRESSIVE;
				GCC_WARN_UNUSED_FUNCTION = YES;
				GCC_WARN_UNUSED_VARIABLE = YES;
				IPHONEOS_DEPLOYMENT_TARGET = 12.2;
				MTL_ENABLE_DEBUG_INFO = INCLUDE_SOURCE;
				MTL_FAST_MATH = YES;
				ONLY_ACTIVE_ARCH = YES;
				SDKROOT = iphoneos;
				SWIFT_ACTIVE_COMPILATION_CONDITIONS = DEBUG;
				SWIFT_OPTIMIZATION_LEVEL = "-Onone";
			};
			name = Debug;
		};
		CBB97CB8226413E0009AD370 /* Release */ = {
			isa = XCBuildConfiguration;
			buildSettings = {
				ALWAYS_SEARCH_USER_PATHS = NO;
				CLANG_ANALYZER_NONNULL = YES;
				CLANG_ANALYZER_NUMBER_OBJECT_CONVERSION = YES_AGGRESSIVE;
				CLANG_CXX_LANGUAGE_STANDARD = "gnu++14";
				CLANG_CXX_LIBRARY = "libc++";
				CLANG_ENABLE_MODULES = YES;
				CLANG_ENABLE_OBJC_ARC = YES;
				CLANG_ENABLE_OBJC_WEAK = YES;
				CLANG_WARN_BLOCK_CAPTURE_AUTORELEASING = YES;
				CLANG_WARN_BOOL_CONVERSION = YES;
				CLANG_WARN_COMMA = YES;
				CLANG_WARN_CONSTANT_CONVERSION = YES;
				CLANG_WARN_DEPRECATED_OBJC_IMPLEMENTATIONS = YES;
				CLANG_WARN_DIRECT_OBJC_ISA_USAGE = YES_ERROR;
				CLANG_WARN_DOCUMENTATION_COMMENTS = YES;
				CLANG_WARN_EMPTY_BODY = YES;
				CLANG_WARN_ENUM_CONVERSION = YES;
				CLANG_WARN_INFINITE_RECURSION = YES;
				CLANG_WARN_INT_CONVERSION = YES;
				CLANG_WARN_NON_LITERAL_NULL_CONVERSION = YES;
				CLANG_WARN_OBJC_IMPLICIT_RETAIN_SELF = YES;
				CLANG_WARN_OBJC_LITERAL_CONVERSION = YES;
				CLANG_WARN_OBJC_ROOT_CLASS = YES_ERROR;
				CLANG_WARN_RANGE_LOOP_ANALYSIS = YES;
				CLANG_WARN_STRICT_PROTOTYPES = YES;
				CLANG_WARN_SUSPICIOUS_MOVE = YES;
				CLANG_WARN_UNGUARDED_AVAILABILITY = YES_AGGRESSIVE;
				CLANG_WARN_UNREACHABLE_CODE = YES;
				CLANG_WARN__DUPLICATE_METHOD_MATCH = YES;
				CODE_SIGN_IDENTITY = "iPhone Developer";
				COPY_PHASE_STRIP = NO;
				DEBUG_INFORMATION_FORMAT = "dwarf-with-dsym";
				ENABLE_NS_ASSERTIONS = NO;
				ENABLE_STRICT_OBJC_MSGSEND = YES;
				GCC_C_LANGUAGE_STANDARD = gnu11;
				GCC_NO_COMMON_BLOCKS = YES;
				GCC_WARN_64_TO_32_BIT_CONVERSION = YES;
				GCC_WARN_ABOUT_RETURN_TYPE = YES_ERROR;
				GCC_WARN_UNDECLARED_SELECTOR = YES;
				GCC_WARN_UNINITIALIZED_AUTOS = YES_AGGRESSIVE;
				GCC_WARN_UNUSED_FUNCTION = YES;
				GCC_WARN_UNUSED_VARIABLE = YES;
				IPHONEOS_DEPLOYMENT_TARGET = 12.2;
				MTL_ENABLE_DEBUG_INFO = NO;
				MTL_FAST_MATH = YES;
				SDKROOT = iphoneos;
				SWIFT_COMPILATION_MODE = wholemodule;
				SWIFT_OPTIMIZATION_LEVEL = "-O";
				VALIDATE_PRODUCT = YES;
			};
			name = Release;
		};
		CBB97CBA226413E0009AD370 /* Debug */ = {
			isa = XCBuildConfiguration;
			buildSettings = {
				ASSETCATALOG_COMPILER_APPICON_NAME = AppIcon;
				CODE_SIGN_STYLE = Automatic;
				INFOPLIST_FILE = class02/Info.plist;
				LD_RUNPATH_SEARCH_PATHS = (
					"$(inherited)",
					"@executable_path/Frameworks",
				);
				PRODUCT_BUNDLE_IDENTIFIER = edu.cjcu.class02;
				PRODUCT_NAME = "$(TARGET_NAME)";
				SWIFT_VERSION = 5.0;
				TARGETED_DEVICE_FAMILY = "1,2";
			};
			name = Debug;
		};
		CBB97CBB226413E0009AD370 /* Release */ = {
			isa = XCBuildConfiguration;
			buildSettings = {
				ASSETCATALOG_COMPILER_APPICON_NAME = AppIcon;
				CODE_SIGN_STYLE = Automatic;
				INFOPLIST_FILE = class02/Info.plist;
				LD_RUNPATH_SEARCH_PATHS = (
					"$(inherited)",
					"@executable_path/Frameworks",
				);
				PRODUCT_BUNDLE_IDENTIFIER = edu.cjcu.class02;
				PRODUCT_NAME = "$(TARGET_NAME)";
				SWIFT_VERSION = 5.0;
				TARGETED_DEVICE_FAMILY = "1,2";
			};
			name = Release;
		};
		CBB97CBD226413E0009AD370 /* Debug */ = {
			isa = XCBuildConfiguration;
			buildSettings = {
				ALWAYS_EMBED_SWIFT_STANDARD_LIBRARIES = YES;
				BUNDLE_LOADER = "$(TEST_HOST)";
				CODE_SIGN_STYLE = Automatic;
				INFOPLIST_FILE = class02Tests/Info.plist;
				LD_RUNPATH_SEARCH_PATHS = (
					"$(inherited)",
					"@executable_path/Frameworks",
					"@loader_path/Frameworks",
				);
				PRODUCT_BUNDLE_IDENTIFIER = edu.cjcu.class02Tests;
				PRODUCT_NAME = "$(TARGET_NAME)";
				SWIFT_VERSION = 5.0;
				TARGETED_DEVICE_FAMILY = "1,2";
				TEST_HOST = "$(BUILT_PRODUCTS_DIR)/class02.app/class02";
			};
			name = Debug;
		};
		CBB97CBE226413E0009AD370 /* Release */ = {
			isa = XCBuildConfiguration;
			buildSettings = {
				ALWAYS_EMBED_SWIFT_STANDARD_LIBRARIES = YES;
				BUNDLE_LOADER = "$(TEST_HOST)";
				CODE_SIGN_STYLE = Automatic;
				INFOPLIST_FILE = class02Tests/Info.plist;
				LD_RUNPATH_SEARCH_PATHS = (
					"$(inherited)",
					"@executable_path/Frameworks",
					"@loader_path/Frameworks",
				);
				PRODUCT_BUNDLE_IDENTIFIER = edu.cjcu.class02Tests;
				PRODUCT_NAME = "$(TARGET_NAME)";
				SWIFT_VERSION = 5.0;
				TARGETED_DEVICE_FAMILY = "1,2";
				TEST_HOST = "$(BUILT_PRODUCTS_DIR)/class02.app/class02";
			};
			name = Release;
		};
		CBB97CC0226413E0009AD370 /* Debug */ = {
			isa = XCBuildConfiguration;
			buildSettings = {
				ALWAYS_EMBED_SWIFT_STANDARD_LIBRARIES = YES;
				CODE_SIGN_STYLE = Automatic;
				INFOPLIST_FILE = class02UITests/Info.plist;
				LD_RUNPATH_SEARCH_PATHS = (
					"$(inherited)",
					"@executable_path/Frameworks",
					"@loader_path/Frameworks",
				);
				PRODUCT_BUNDLE_IDENTIFIER = edu.cjcu.class02UITests;
				PRODUCT_NAME = "$(TARGET_NAME)";
				SWIFT_VERSION = 5.0;
				TARGETED_DEVICE_FAMILY = "1,2";
				TEST_TARGET_NAME = class02;
			};
			name = Debug;
		};
		CBB97CC1226413E0009AD370 /* Release */ = {
			isa = XCBuildConfiguration;
			buildSettings = {
				ALWAYS_EMBED_SWIFT_STANDARD_LIBRARIES = YES;
				CODE_SIGN_STYLE = Automatic;
				INFOPLIST_FILE = class02UITests/Info.plist;
				LD_RUNPATH_SEARCH_PATHS = (
					"$(inherited)",
					"@executable_path/Frameworks",
					"@loader_path/Frameworks",
				);
				PRODUCT_BUNDLE_IDENTIFIER = edu.cjcu.class02UITests;
				PRODUCT_NAME = "$(TARGET_NAME)";
				SWIFT_VERSION = 5.0;
				TARGETED_DEVICE_FAMILY = "1,2";
				TEST_TARGET_NAME = class02;
			};
			name = Release;
		};
/* End XCBuildConfiguration section */

/* Begin XCConfigurationList section */
		CBB97C8C226413DF009AD370 /* Build configuration list for PBXProject "class02" */ = {
			isa = XCConfigurationList;
			buildConfigurations = (
				CBB97CB7226413E0009AD370 /* Debug */,
				CBB97CB8226413E0009AD370 /* Release */,
			);
			defaultConfigurationIsVisible = 0;
			defaultConfigurationName = Release;
		};
		CBB97CB9226413E0009AD370 /* Build configuration list for PBXNativeTarget "class02" */ = {
			isa = XCConfigurationList;
			buildConfigurations = (
				CBB97CBA226413E0009AD370 /* Debug */,
				CBB97CBB226413E0009AD370 /* Release */,
			);
			defaultConfigurationIsVisible = 0;
			defaultConfigurationName = Release;
		};
		CBB97CBC226413E0009AD370 /* Build configuration list for PBXNativeTarget "class02Tests" */ = {
			isa = XCConfigurationList;
			buildConfigurations = (
				CBB97CBD226413E0009AD370 /* Debug */,
				CBB97CBE226413E0009AD370 /* Release */,
			);
			defaultConfigurationIsVisible = 0;
			defaultConfigurationName = Release;
		};
		CBB97CBF226413E0009AD370 /* Build configuration list for PBXNativeTarget "class02UITests" */ = {
			isa = XCConfigurationList;
			buildConfigurations = (
				CBB97CC0226413E0009AD370 /* Debug */,
				CBB97CC1226413E0009AD370 /* Release */,
			);
			defaultConfigurationIsVisible = 0;
			defaultConfigurationName = Release;
		};
/* End XCConfigurationList section */
	};
	rootObject = CBB97C89226413DF009AD370 /* Project object */;
}
